
Microsoft Visual Studio Solution File, Format Version 12.00
# Visual Studio 15
VisualStudioVersion = 15.0.27703.2042
MinimumVisualStudioVersion = 10.0.40219.1
Project("{9A19103F-16F7-4668-BE54-9A1E7A4F7556}") = "GingerFilePlugin", "GingerFilePlugin\GingerFilePlugin.csproj", "{1B48AF70-1DBC-449B-A07D-A3A65E3C1DC9}"
EndProject
Project("{FAE04EC0-301F-11D3-BF4B-00C04F79EFBC}") = "GingerFilePluginTest", "GingerFilePluginTest\GingerFilePluginTest.csproj", "{736F269E-2DE2-4EBA-AED4-EE352540A2FC}"
EndProject
Global
	GlobalSection(SolutionConfigurationPlatforms) = preSolution
		Debug|Any CPU = Debug|Any CPU
		Release|Any CPU = Release|Any CPU
	EndGlobalSection
	GlobalSection(ProjectConfigurationPlatforms) = postSolution
		{1B48AF70-1DBC-449B-A07D-A3A65E3C1DC9}.Debug|Any CPU.ActiveCfg = Debug|Any CPU
		{1B48AF70-1DBC-449B-A07D-A3A65E3C1DC9}.Debug|Any CPU.Build.0 = Debug|Any CPU
		{1B48AF70-1DBC-449B-A07D-A3A65E3C1DC9}.Release|Any CPU.ActiveCfg = Release|Any CPU
		{1B48AF70-1DBC-449B-A07D-A3A65E3C1DC9}.Release|Any CPU.Build.0 = Release|Any CPU
		{736F269E-2DE2-4EBA-AED4-EE352540A2FC}.Debug|Any CPU.ActiveCfg = Debug|Any CPU
		{736F269E-2DE2-4EBA-AED4-EE352540A2FC}.Debug|Any CPU.Build.0 = Debug|Any CPU
		{736F269E-2DE2-4EBA-AED4-EE352540A2FC}.Release|Any CPU.ActiveCfg = Release|Any CPU
		{736F269E-2DE2-4EBA-AED4-EE352540A2FC}.Release|Any CPU.Build.0 = Release|Any CPU
	EndGlobalSection
	GlobalSection(SolutionProperties) = preSolution
		HideSolutionNode = FALSE
	EndGlobalSection
	GlobalSection(ExtensibilityGlobals) = postSolution
		SolutionGuid = {78027979-939B-49FD-9E1B-16AF3047868C}
	EndGlobalSection
EndGlobal
